<?xml version="1.0" encoding="utf-8"?>
<Project ToolsVersion="4.0" xmlns="http://schemas.microsoft.com/developer/msbuild/2003">
  <ItemGroup>
    <Filter Include="Source Files">
      <UniqueIdentifier>{4FC737F1-C7A5-4376-A066-2A32D752A2FF}</UniqueIdentifier>
      <Extensions>cpp;c;cc;cxx;def;odl;idl;hpj;bat;asm;asmx</Extensions>
    </Filter>
    <Filter Include="Header Files">
      <UniqueIdentifier>{93995380-89BD-4b04-88EB-625FBE52EBFB}</UniqueIdentifier>
      <Extensions>h;hh;hpp;hxx;hm;inl;inc;ipp;xsd</Extensions>
    </Filter>
    <Filter Include="Resource Files">
      <UniqueIdentifier>{67DA6AB6-F800-4c08-8B7A-83BB121AAD01}</UniqueIdentifier>
      <Extensions>rc;ico;cur;bmp;dlg;rc2;rct;bin;rgs;gif;jpg;jpeg;jpe;resx;tiff;tif;png;wav;mfcribbon-ms</Extensions>
    </Filter>
    <Filter Include="Source Files\Utilities">
      <UniqueIdentifier>{85331ab7-9abb-4706-a6a5-8a25fd158fc0}</UniqueIdentifier>
    </Filter>
    <Filter Include="Source Files\States">
      <UniqueIdentifier>{873d3906-1e2d-47e4-b096-8eb1c5e60dd2}</UniqueIdentifier>
    </Filter>
    <Filter Include="Source Files\States\Functionality">
      <UniqueIdentifier>{637cb01b-e9db-4a87-b5bd-db15395c8169}</UniqueIdentifier>
    </Filter>
    <Filter Include="Source Files\States\GameStates">
      <UniqueIdentifier>{d27f4ad9-2f53-4ebe-8e12-25515b8aa570}</UniqueIdentifier>
    </Filter>
    <Filter Include="Source Files\Display">
      <UniqueIdentifier>{f42ecdb5-bdda-4fcd-bed3-e8f51caf02de}</UniqueIdentifier>
    </Filter>
    <Filter Include="Source Files\Shaders">
      <UniqueIdentifier>{34080f86-2f0a-4e1c-9673-5a9c008f3f59}</UniqueIdentifier>
    </Filter>
    <Filter Include="Source Files\Shaders\Files">
      <UniqueIdentifier>{58e573c0-6563-43eb-9c50-6669dcd4b5e6}</UniqueIdentifier>
    </Filter>
    <Filter Include="Source Files\Player">
      <UniqueIdentifier>{8dd9fe73-8e45-42c6-b9d0-5059411cf8d8}</UniqueIdentifier>
    </Filter>
    <Filter Include="Source Files\Utilities\Resources">
      <UniqueIdentifier>{7d426cbe-2bec-4c5b-871e-bec10a203edd}</UniqueIdentifier>
    </Filter>
    <Filter Include="Source Files\Objects">
      <UniqueIdentifier>{accbc386-7a73-4814-86cf-fa0b367217bf}</UniqueIdentifier>
    </Filter>
  </ItemGroup>
  <ItemGroup>
    <ClCompile Include="Main.cpp">
      <Filter>Source Files</Filter>
    </ClCompile>
    <ClCompile Include="GLWindow.cpp">
      <Filter>Source Files\Display</Filter>
    </ClCompile>
    <ClCompile Include="State.cpp">
      <Filter>Source Files\States\Functionality</Filter>
    </ClCompile>
    <ClCompile Include="StateMachine.cpp">
      <Filter>Source Files\States\Functionality</Filter>
    </ClCompile>
    <ClCompile Include="Game.cpp">
      <Filter>Source Files</Filter>
    </ClCompile>
    <ClCompile Include="PlayingState.cpp">
      <Filter>Source Files\States\GameStates</Filter>
    </ClCompile>
    <ClCompile Include="Mesh.cpp">
      <Filter>Source Files\Shaders</Filter>
    </ClCompile>
    <ClCompile Include="Player.cpp">
      <Filter>Source Files\Player</Filter>
    </ClCompile>
    <ClCompile Include="Camera.cpp">
      <Filter>Source Files\Player</Filter>
    </ClCompile>
    <ClCompile Include="Texture.cpp">
      <Filter>Source Files\Shaders</Filter>
    </ClCompile>
    <ClCompile Include="Program.cpp">
      <Filter>Source Files\Shaders</Filter>
    </ClCompile>
    <ClCompile Include="TextureManager.cpp">
      <Filter>Source Files\Utilities\Resources</Filter>
    </ClCompile>
    <ClCompile Include="SoundManager.cpp">
      <Filter>Source Files\Utilities\Resources</Filter>
    </ClCompile>
    <ClCompile Include="FontManager.cpp">
      <Filter>Source Files\Utilities\Resources</Filter>
    </ClCompile>
    <ClCompile Include="OBJLoader.cpp">
      <Filter>Source Files\Utilities</Filter>
    </ClCompile>
    <ClCompile Include="Chest.cpp">
      <Filter>Source Files\Objects</Filter>
    </ClCompile>
  </ItemGroup>
  <ItemGroup>
    <ClInclude Include="GLWindow.h">
      <Filter>Source Files\Display</Filter>
    </ClInclude>
    <ClInclude Include="Variables.h">
      <Filter>Source Files\Utilities</Filter>
    </ClInclude>
    <ClInclude Include="FileLocations.h">
      <Filter>Source Files\Utilities</Filter>
    </ClInclude>
    <ClInclude Include="State.h">
      <Filter>Source Files\States\Functionality</Filter>
    </ClInclude>
    <ClInclude Include="StateMachine.h">
      <Filter>Source Files\States\Functionality</Filter>
    </ClInclude>
    <ClInclude Include="Game.h">
      <Filter>Header Files</Filter>
    </ClInclude>
    <ClInclude Include="PlayingState.h">
      <Filter>Source Files\States\GameStates</Filter>
    </ClInclude>
    <ClInclude Include="Mesh.h">
      <Filter>Source Files\Shaders</Filter>
    </ClInclude>
    <ClInclude Include="Player.h">
      <Filter>Source Files\Player</Filter>
    </ClInclude>
    <ClInclude Include="Camera.h">
      <Filter>Source Files\Player</Filter>
    </ClInclude>
    <ClInclude Include="Texture.h">
      <Filter>Source Files\Shaders</Filter>
    </ClInclude>
    <ClInclude Include="Program.h">
      <Filter>Source Files\Shaders</Filter>
    </ClInclude>
    <ClInclude Include="ResourceManager.h">
      <Filter>Source Files\Utilities\Resources</Filter>
    </ClInclude>
    <ClInclude Include="TextureManager.h">
      <Filter>Source Files\Utilities\Resources</Filter>
    </ClInclude>
    <ClInclude Include="SoundManager.h">
      <Filter>Source Files\Utilities\Resources</Filter>
    </ClInclude>
    <ClInclude Include="FontManager.h">
      <Filter>Source Files\Utilities\Resources</Filter>
    </ClInclude>
    <ClInclude Include="OBJLoader.h">
      <Filter>Source Files\Utilities</Filter>
    </ClInclude>
    <ClInclude Include="Chest.h">
      <Filter>Source Files\Objects</Filter>
    </ClInclude>
  </ItemGroup>
  <ItemGroup>
    <None Include="Shaders\basicShader.vert">
      <Filter>Source Files\Shaders\Files</Filter>
    </None>
    <None Include="Shaders\basicShader.frag">
      <Filter>Source Files\Shaders\Files</Filter>
    </None>
    <None Include="Shaders\basicShader.geo">
      <Filter>Source Files\Shaders\Files</Filter>
    </None>
  </ItemGroup>
</Project>